
Microsoft Visual Studio Solution File, Format Version 12.00
# Visual Studio Version 17
VisualStudioVersion = 17.9.34622.214
MinimumVisualStudioVersion = 10.0.40219.1
Project("{2150E333-8FDC-42A3-9474-1A3956D46DE8}") = "Application", "Application", "{3B2865F6-44FF-4F15-B927-8EB0C4FC642A}"
EndProject
Project("{2150E333-8FDC-42A3-9474-1A3956D46DE8}") = "Infrastructure", "Infrastructure", "{324745DD-0F50-46E5-87A4-0B4F68D00176}"
EndProject
Project("{2150E333-8FDC-42A3-9474-1A3956D46DE8}") = "Presentation", "Presentation", "{AFBD18C6-5976-4810-B4BA-99BA913CBBCD}"
EndProject
Project("{2150E333-8FDC-42A3-9474-1A3956D46DE8}") = "Domain", "Domain", "{1EB032B8-755C-4CF1-B406-393DD8D1514C}"
EndProject
Project("{2150E333-8FDC-42A3-9474-1A3956D46DE8}") = "Common", "Common", "{8E598043-BF03-4E19-AD55-767C771E1AEA}"
EndProject
Project("{2150E333-8FDC-42A3-9474-1A3956D46DE8}") = "Utilities", "Utilities", "{7FAB170E-EE40-4AB2-841D-9EF0B5FD91F6}"
EndProject
Project("{2150E333-8FDC-42A3-9474-1A3956D46DE8}") = "Exceptions", "Exceptions", "{F9620F86-F18B-403E-8F79-453F3740DB96}"
EndProject
Project("{2150E333-8FDC-42A3-9474-1A3956D46DE8}") = "API", "API", "{F1BB3070-FD1F-4E46-8A4D-A71C9E582FE7}"
EndProject
Project("{9A19103F-16F7-4668-BE54-9A1E7A4F7556}") = "StockMarketSimulator.API", "StockMarketSimulator.API\StockMarketSimulator.API.csproj", "{A1BFE6C8-0A42-45F6-8403-9988633A6C93}"
EndProject
Project("{9A19103F-16F7-4668-BE54-9A1E7A4F7556}") = "StockMarketSimulator.Domain", "StockMarketSimulator.Domain\StockMarketSimulator.Domain.csproj", "{8072379F-6F23-4D29-BED6-2DC9675EF956}"
EndProject
Project("{9A19103F-16F7-4668-BE54-9A1E7A4F7556}") = "StockMarketSimulator.Application", "StockMarketSimulator.Application\StockMarketSimulator.Application.csproj", "{EB8902E7-7B31-440E-85DF-E896E855C1BF}"
EndProject
Project("{9A19103F-16F7-4668-BE54-9A1E7A4F7556}") = "StockMarketSimulator.Repository", "StockMarketSimulator.Repository\StockMarketSimulator.Repository.csproj", "{9061CD19-651E-48E8-AEC5-CD47310D673E}"
EndProject
Project("{9A19103F-16F7-4668-BE54-9A1E7A4F7556}") = "StockMarketSimulator.IoC", "StockMarketSimulator.IoC\StockMarketSimulator.IoC.csproj", "{8A0CBC26-E931-40FB-8CF2-FCF33BA4EC91}"
EndProject
Project("{2150E333-8FDC-42A3-9474-1A3956D46DE8}") = "Connectors", "Connectors", "{0E6FCA52-1420-484D-B267-C70C8BBE7EE3}"
EndProject
Project("{9A19103F-16F7-4668-BE54-9A1E7A4F7556}") = "HTTP.Connector", "HTTP.Connector\HTTP.Connector.csproj", "{DC2D0EA3-5EF9-47A0-9135-D99902DACC6B}"
EndProject
Project("{9A19103F-16F7-4668-BE54-9A1E7A4F7556}") = "StockMarketSimulator.Sinks", "StockMarketSimulator.Sinks\StockMarketSimulator.Sinks.csproj", "{4D860584-8507-45DA-B823-0B9DD8E0BDBB}"
EndProject
Project("{9A19103F-16F7-4668-BE54-9A1E7A4F7556}") = "StockMarketSimulator.Sinks.Kernel", "StockMarketSimulator.Sinks.Kernel\StockMarketSimulator.Sinks.Kernel.csproj", "{E9309BCF-EC48-4E9E-B5AD-E3A3C2A0FA8A}"
EndProject
Project("{9A19103F-16F7-4668-BE54-9A1E7A4F7556}") = "AzureTables.Connector", "AzureTables.Connector\AzureTables.Connector.csproj", "{E666CAF7-EDB8-46D9-9F3C-670CF238658F}"
EndProject
Project("{2150E333-8FDC-42A3-9474-1A3956D46DE8}") = "Extensions", "Extensions", "{E5161932-26D8-4EAA-BFFD-738393822A51}"
EndProject
Project("{9A19103F-16F7-4668-BE54-9A1E7A4F7556}") = "StockMarketSimulator.Common", "StockMarketSimulator.Common\StockMarketSimulator.Common.csproj", "{4F826C93-5E9B-4FCE-A509-00488780A00E}"
EndProject
Project("{9A19103F-16F7-4668-BE54-9A1E7A4F7556}") = "StockMarketSimulator.Users.Kernel", "StockMarketSimulator.Users.Kernel\StockMarketSimulator.Users.Kernel.csproj", "{396A7A3D-16F0-4141-ADE1-182B36780EE6}"
EndProject
Project("{9A19103F-16F7-4668-BE54-9A1E7A4F7556}") = "StockMarketSimulator.Wallets.Kernel", "StockMarketSimulator.Wallets.Kernel\StockMarketSimulator.Wallets.Kernel.csproj", "{0F1DEEB6-106B-4CD2-88F6-2CE1F36E2CEF}"
EndProject
Project("{9A19103F-16F7-4668-BE54-9A1E7A4F7556}") = "StockMarketSimulator.StockPairs.Kernel", "StockMarketSimulator.StockPairs.Kernel\StockMarketSimulator.StockPairs.Kernel.csproj", "{E50428DA-4312-4D0F-80C7-BD7918D0A7C4}"
EndProject
Project("{FAE04EC0-301F-11D3-BF4B-00C04F79EFBC}") = "StockMarketSimulator.Stocks.Kernel", "StockMarketSimulator.Stocks.Kernel\StockMarketSimulator.Stocks.Kernel.csproj", "{C42EABCD-D176-4E78-AD7B-D1B54D6C53EE}"
EndProject
Global
	GlobalSection(SolutionConfigurationPlatforms) = preSolution
		Debug|Any CPU = Debug|Any CPU
		Release|Any CPU = Release|Any CPU
	EndGlobalSection
	GlobalSection(ProjectConfigurationPlatforms) = postSolution
		{A1BFE6C8-0A42-45F6-8403-9988633A6C93}.Debug|Any CPU.ActiveCfg = Debug|Any CPU
		{A1BFE6C8-0A42-45F6-8403-9988633A6C93}.Debug|Any CPU.Build.0 = Debug|Any CPU
		{A1BFE6C8-0A42-45F6-8403-9988633A6C93}.Release|Any CPU.ActiveCfg = Release|Any CPU
		{A1BFE6C8-0A42-45F6-8403-9988633A6C93}.Release|Any CPU.Build.0 = Release|Any CPU
		{8072379F-6F23-4D29-BED6-2DC9675EF956}.Debug|Any CPU.ActiveCfg = Debug|Any CPU
		{8072379F-6F23-4D29-BED6-2DC9675EF956}.Debug|Any CPU.Build.0 = Debug|Any CPU
		{8072379F-6F23-4D29-BED6-2DC9675EF956}.Release|Any CPU.ActiveCfg = Release|Any CPU
		{8072379F-6F23-4D29-BED6-2DC9675EF956}.Release|Any CPU.Build.0 = Release|Any CPU
		{EB8902E7-7B31-440E-85DF-E896E855C1BF}.Debug|Any CPU.ActiveCfg = Debug|Any CPU
		{EB8902E7-7B31-440E-85DF-E896E855C1BF}.Debug|Any CPU.Build.0 = Debug|Any CPU
		{EB8902E7-7B31-440E-85DF-E896E855C1BF}.Release|Any CPU.ActiveCfg = Release|Any CPU
		{EB8902E7-7B31-440E-85DF-E896E855C1BF}.Release|Any CPU.Build.0 = Release|Any CPU
		{9061CD19-651E-48E8-AEC5-CD47310D673E}.Debug|Any CPU.ActiveCfg = Debug|Any CPU
		{9061CD19-651E-48E8-AEC5-CD47310D673E}.Debug|Any CPU.Build.0 = Debug|Any CPU
		{9061CD19-651E-48E8-AEC5-CD47310D673E}.Release|Any CPU.ActiveCfg = Release|Any CPU
		{9061CD19-651E-48E8-AEC5-CD47310D673E}.Release|Any CPU.Build.0 = Release|Any CPU
		{8A0CBC26-E931-40FB-8CF2-FCF33BA4EC91}.Debug|Any CPU.ActiveCfg = Debug|Any CPU
		{8A0CBC26-E931-40FB-8CF2-FCF33BA4EC91}.Debug|Any CPU.Build.0 = Debug|Any CPU
		{8A0CBC26-E931-40FB-8CF2-FCF33BA4EC91}.Release|Any CPU.ActiveCfg = Release|Any CPU
		{8A0CBC26-E931-40FB-8CF2-FCF33BA4EC91}.Release|Any CPU.Build.0 = Release|Any CPU
		{DC2D0EA3-5EF9-47A0-9135-D99902DACC6B}.Debug|Any CPU.ActiveCfg = Debug|Any CPU
		{DC2D0EA3-5EF9-47A0-9135-D99902DACC6B}.Debug|Any CPU.Build.0 = Debug|Any CPU
		{DC2D0EA3-5EF9-47A0-9135-D99902DACC6B}.Release|Any CPU.ActiveCfg = Release|Any CPU
		{DC2D0EA3-5EF9-47A0-9135-D99902DACC6B}.Release|Any CPU.Build.0 = Release|Any CPU
		{4D860584-8507-45DA-B823-0B9DD8E0BDBB}.Debug|Any CPU.ActiveCfg = Debug|Any CPU
		{4D860584-8507-45DA-B823-0B9DD8E0BDBB}.Debug|Any CPU.Build.0 = Debug|Any CPU
		{4D860584-8507-45DA-B823-0B9DD8E0BDBB}.Release|Any CPU.ActiveCfg = Release|Any CPU
		{4D860584-8507-45DA-B823-0B9DD8E0BDBB}.Release|Any CPU.Build.0 = Release|Any CPU
		{E9309BCF-EC48-4E9E-B5AD-E3A3C2A0FA8A}.Debug|Any CPU.ActiveCfg = Debug|Any CPU
		{E9309BCF-EC48-4E9E-B5AD-E3A3C2A0FA8A}.Debug|Any CPU.Build.0 = Debug|Any CPU
		{E9309BCF-EC48-4E9E-B5AD-E3A3C2A0FA8A}.Release|Any CPU.ActiveCfg = Release|Any CPU
		{E9309BCF-EC48-4E9E-B5AD-E3A3C2A0FA8A}.Release|Any CPU.Build.0 = Release|Any CPU
		{E666CAF7-EDB8-46D9-9F3C-670CF238658F}.Debug|Any CPU.ActiveCfg = Debug|Any CPU
		{E666CAF7-EDB8-46D9-9F3C-670CF238658F}.Debug|Any CPU.Build.0 = Debug|Any CPU
		{E666CAF7-EDB8-46D9-9F3C-670CF238658F}.Release|Any CPU.ActiveCfg = Release|Any CPU
		{E666CAF7-EDB8-46D9-9F3C-670CF238658F}.Release|Any CPU.Build.0 = Release|Any CPU
		{4F826C93-5E9B-4FCE-A509-00488780A00E}.Debug|Any CPU.ActiveCfg = Debug|Any CPU
		{4F826C93-5E9B-4FCE-A509-00488780A00E}.Debug|Any CPU.Build.0 = Debug|Any CPU
		{4F826C93-5E9B-4FCE-A509-00488780A00E}.Release|Any CPU.ActiveCfg = Release|Any CPU
		{4F826C93-5E9B-4FCE-A509-00488780A00E}.Release|Any CPU.Build.0 = Release|Any CPU
		{396A7A3D-16F0-4141-ADE1-182B36780EE6}.Debug|Any CPU.ActiveCfg = Debug|Any CPU
		{396A7A3D-16F0-4141-ADE1-182B36780EE6}.Debug|Any CPU.Build.0 = Debug|Any CPU
		{396A7A3D-16F0-4141-ADE1-182B36780EE6}.Release|Any CPU.ActiveCfg = Release|Any CPU
		{396A7A3D-16F0-4141-ADE1-182B36780EE6}.Release|Any CPU.Build.0 = Release|Any CPU
		{0F1DEEB6-106B-4CD2-88F6-2CE1F36E2CEF}.Debug|Any CPU.ActiveCfg = Debug|Any CPU
		{0F1DEEB6-106B-4CD2-88F6-2CE1F36E2CEF}.Debug|Any CPU.Build.0 = Debug|Any CPU
		{0F1DEEB6-106B-4CD2-88F6-2CE1F36E2CEF}.Release|Any CPU.ActiveCfg = Release|Any CPU
		{0F1DEEB6-106B-4CD2-88F6-2CE1F36E2CEF}.Release|Any CPU.Build.0 = Release|Any CPU
		{E50428DA-4312-4D0F-80C7-BD7918D0A7C4}.Debug|Any CPU.ActiveCfg = Debug|Any CPU
		{E50428DA-4312-4D0F-80C7-BD7918D0A7C4}.Debug|Any CPU.Build.0 = Debug|Any CPU
		{E50428DA-4312-4D0F-80C7-BD7918D0A7C4}.Release|Any CPU.ActiveCfg = Release|Any CPU
		{E50428DA-4312-4D0F-80C7-BD7918D0A7C4}.Release|Any CPU.Build.0 = Release|Any CPU
		{C42EABCD-D176-4E78-AD7B-D1B54D6C53EE}.Debug|Any CPU.ActiveCfg = Debug|Any CPU
		{C42EABCD-D176-4E78-AD7B-D1B54D6C53EE}.Debug|Any CPU.Build.0 = Debug|Any CPU
		{C42EABCD-D176-4E78-AD7B-D1B54D6C53EE}.Release|Any CPU.ActiveCfg = Release|Any CPU
		{C42EABCD-D176-4E78-AD7B-D1B54D6C53EE}.Release|Any CPU.Build.0 = Release|Any CPU
	EndGlobalSection
	GlobalSection(SolutionProperties) = preSolution
		HideSolutionNode = FALSE
	EndGlobalSection
	GlobalSection(NestedProjects) = preSolution
		{7FAB170E-EE40-4AB2-841D-9EF0B5FD91F6} = {8E598043-BF03-4E19-AD55-767C771E1AEA}
		{F9620F86-F18B-403E-8F79-453F3740DB96} = {8E598043-BF03-4E19-AD55-767C771E1AEA}
		{A1BFE6C8-0A42-45F6-8403-9988633A6C93} = {F1BB3070-FD1F-4E46-8A4D-A71C9E582FE7}
		{8072379F-6F23-4D29-BED6-2DC9675EF956} = {1EB032B8-755C-4CF1-B406-393DD8D1514C}
		{EB8902E7-7B31-440E-85DF-E896E855C1BF} = {3B2865F6-44FF-4F15-B927-8EB0C4FC642A}
		{9061CD19-651E-48E8-AEC5-CD47310D673E} = {324745DD-0F50-46E5-87A4-0B4F68D00176}
		{8A0CBC26-E931-40FB-8CF2-FCF33BA4EC91} = {324745DD-0F50-46E5-87A4-0B4F68D00176}
		{0E6FCA52-1420-484D-B267-C70C8BBE7EE3} = {8E598043-BF03-4E19-AD55-767C771E1AEA}
		{DC2D0EA3-5EF9-47A0-9135-D99902DACC6B} = {0E6FCA52-1420-484D-B267-C70C8BBE7EE3}
		{E666CAF7-EDB8-46D9-9F3C-670CF238658F} = {0E6FCA52-1420-484D-B267-C70C8BBE7EE3}
		{E5161932-26D8-4EAA-BFFD-738393822A51} = {8E598043-BF03-4E19-AD55-767C771E1AEA}
		{4F826C93-5E9B-4FCE-A509-00488780A00E} = {8E598043-BF03-4E19-AD55-767C771E1AEA}
	EndGlobalSection
	GlobalSection(ExtensibilityGlobals) = postSolution
		SolutionGuid = {2B82D33F-1710-43F3-B54D-C03B86D1DE8B}
	EndGlobalSection
EndGlobal
