
Microsoft Visual Studio Solution File, Format Version 12.00
# Visual Studio Version 17
VisualStudioVersion = 17.9.34622.214
MinimumVisualStudioVersion = 10.0.40219.1
Project("{9A19103F-16F7-4668-BE54-9A1E7A4F7556}") = "Sinks.Functions", "src\Services\Sinks\Sinks.Functions\Sinks.Functions.csproj", "{5366C10A-2C2C-4242-8669-BA96B9BAE878}"
EndProject
Project("{2150E333-8FDC-42A3-9474-1A3956D46DE8}") = "src", "src", "{4879AD28-6DFB-4749-BB7C-D7BC6784BB30}"
EndProject
Project("{2150E333-8FDC-42A3-9474-1A3956D46DE8}") = "Services", "Services", "{3FD719C4-04F1-4710-862E-F7EB9D6B0BF3}"
EndProject
Project("{2150E333-8FDC-42A3-9474-1A3956D46DE8}") = "Sinks", "Sinks", "{A05126EF-9419-4E9C-BAC3-F3196F4108BB}"
EndProject
Project("{9A19103F-16F7-4668-BE54-9A1E7A4F7556}") = "Sinks.Kernel", "src\Services\Sinks\Sinks.Kernel\Sinks.Kernel.csproj", "{3BD6A0A3-3D5B-4259-8099-42192E2AE231}"
EndProject
Project("{9A19103F-16F7-4668-BE54-9A1E7A4F7556}") = "StockPairs.Kernel", "src\Services\StockPairs\StockPairs.Kernel\StockPairs.Kernel.csproj", "{2172A6BA-C859-49F0-8330-667E3D437BAF}"
EndProject
Project("{2150E333-8FDC-42A3-9474-1A3956D46DE8}") = "StockPairs", "StockPairs", "{62728BEB-DBD9-42BC-87ED-046EAC2823C9}"
EndProject
Project("{2150E333-8FDC-42A3-9474-1A3956D46DE8}") = "Stocks", "Stocks", "{DD13162B-E3B5-4768-8100-45BB20F8C2D7}"
EndProject
Project("{9A19103F-16F7-4668-BE54-9A1E7A4F7556}") = "Stocks.Kernel", "src\Services\Stocks\Stocks.Kernel\Stocks.Kernel.csproj", "{9FA0C0B8-8720-40CF-9132-9574A1EE2DC1}"
EndProject
Project("{2150E333-8FDC-42A3-9474-1A3956D46DE8}") = "Users", "Users", "{E637B777-3ACC-4B86-8485-15113792A28B}"
EndProject
Project("{9A19103F-16F7-4668-BE54-9A1E7A4F7556}") = "Users.API", "src\Services\Users\Users.API\Users.API.csproj", "{CA0FBDE9-C8AF-4BF5-A69F-EE292569D1C3}"
EndProject
Project("{9A19103F-16F7-4668-BE54-9A1E7A4F7556}") = "Users.Kernel", "src\Services\Users\Users.Kernel\Users.Kernel.csproj", "{8DBE3687-8EAE-4CC7-9E87-EC95D17AA444}"
EndProject
Project("{2150E333-8FDC-42A3-9474-1A3956D46DE8}") = "Wallets", "Wallets", "{7EA3FF58-3C84-4593-A5AB-43935E313DC2}"
EndProject
Project("{9A19103F-16F7-4668-BE54-9A1E7A4F7556}") = "Wallets.API", "src\Services\Wallets\Wallets.API\Wallets.API.csproj", "{833F1205-EBCE-4786-A75D-445622F9DE3F}"
EndProject
Project("{9A19103F-16F7-4668-BE54-9A1E7A4F7556}") = "Wallets.Kernel", "src\Services\Wallets\Wallets.Kernel\Wallets.Kernel.csproj", "{A03B5FA2-AEDD-4F2B-9184-6A72B4F8B128}"
EndProject
Project("{2150E333-8FDC-42A3-9474-1A3956D46DE8}") = "Common", "Common", "{14D0ED4F-66A7-461C-AED5-396232A944EC}"
EndProject
Project("{9A19103F-16F7-4668-BE54-9A1E7A4F7556}") = "Exceptions", "src\Common\Exceptions\Exceptions.csproj", "{C551ABA5-4EF4-4467-9EF2-FC6FCA5A0E00}"
EndProject
Project("{9A19103F-16F7-4668-BE54-9A1E7A4F7556}") = "UtilityExtensions", "src\Common\UtilityExtensions\UtilityExtensions.csproj", "{BB915A97-768E-4FB5-80EB-84EB287B2F78}"
EndProject
Project("{2150E333-8FDC-42A3-9474-1A3956D46DE8}") = "Connectors", "Connectors", "{48C01C0F-A6E3-41DF-9D76-DECD9921271E}"
EndProject
Project("{9A19103F-16F7-4668-BE54-9A1E7A4F7556}") = "AzureQueues.Connector", "src\Common\Connectors\AzureQueues.Connector\AzureQueues.Connector.csproj", "{3A7137D5-F95C-40CD-A065-D4DDD0D665E6}"
EndProject
Project("{9A19103F-16F7-4668-BE54-9A1E7A4F7556}") = "AzureTables.Connector", "src\Common\Connectors\AzureTables.Connector\AzureTables.Connector.csproj", "{2A48AF04-617C-4E6A-9F67-5C3E85C6A277}"
EndProject
Project("{9A19103F-16F7-4668-BE54-9A1E7A4F7556}") = "HTTP.Connector", "src\Common\Connectors\HTTP.Connector\HTTP.Connector.csproj", "{8FFC2B5F-1C2F-47A0-963B-6096C2C8037F}"
EndProject
Global
	GlobalSection(SolutionConfigurationPlatforms) = preSolution
		Debug|Any CPU = Debug|Any CPU
		Release|Any CPU = Release|Any CPU
	EndGlobalSection
	GlobalSection(ProjectConfigurationPlatforms) = postSolution
		{5366C10A-2C2C-4242-8669-BA96B9BAE878}.Debug|Any CPU.ActiveCfg = Debug|Any CPU
		{5366C10A-2C2C-4242-8669-BA96B9BAE878}.Debug|Any CPU.Build.0 = Debug|Any CPU
		{5366C10A-2C2C-4242-8669-BA96B9BAE878}.Release|Any CPU.ActiveCfg = Release|Any CPU
		{5366C10A-2C2C-4242-8669-BA96B9BAE878}.Release|Any CPU.Build.0 = Release|Any CPU
		{3BD6A0A3-3D5B-4259-8099-42192E2AE231}.Debug|Any CPU.ActiveCfg = Debug|Any CPU
		{3BD6A0A3-3D5B-4259-8099-42192E2AE231}.Debug|Any CPU.Build.0 = Debug|Any CPU
		{3BD6A0A3-3D5B-4259-8099-42192E2AE231}.Release|Any CPU.ActiveCfg = Release|Any CPU
		{3BD6A0A3-3D5B-4259-8099-42192E2AE231}.Release|Any CPU.Build.0 = Release|Any CPU
		{2172A6BA-C859-49F0-8330-667E3D437BAF}.Debug|Any CPU.ActiveCfg = Debug|Any CPU
		{2172A6BA-C859-49F0-8330-667E3D437BAF}.Debug|Any CPU.Build.0 = Debug|Any CPU
		{2172A6BA-C859-49F0-8330-667E3D437BAF}.Release|Any CPU.ActiveCfg = Release|Any CPU
		{2172A6BA-C859-49F0-8330-667E3D437BAF}.Release|Any CPU.Build.0 = Release|Any CPU
		{9FA0C0B8-8720-40CF-9132-9574A1EE2DC1}.Debug|Any CPU.ActiveCfg = Debug|Any CPU
		{9FA0C0B8-8720-40CF-9132-9574A1EE2DC1}.Debug|Any CPU.Build.0 = Debug|Any CPU
		{9FA0C0B8-8720-40CF-9132-9574A1EE2DC1}.Release|Any CPU.ActiveCfg = Release|Any CPU
		{9FA0C0B8-8720-40CF-9132-9574A1EE2DC1}.Release|Any CPU.Build.0 = Release|Any CPU
		{CA0FBDE9-C8AF-4BF5-A69F-EE292569D1C3}.Debug|Any CPU.ActiveCfg = Debug|Any CPU
		{CA0FBDE9-C8AF-4BF5-A69F-EE292569D1C3}.Debug|Any CPU.Build.0 = Debug|Any CPU
		{CA0FBDE9-C8AF-4BF5-A69F-EE292569D1C3}.Release|Any CPU.ActiveCfg = Release|Any CPU
		{CA0FBDE9-C8AF-4BF5-A69F-EE292569D1C3}.Release|Any CPU.Build.0 = Release|Any CPU
		{8DBE3687-8EAE-4CC7-9E87-EC95D17AA444}.Debug|Any CPU.ActiveCfg = Debug|Any CPU
		{8DBE3687-8EAE-4CC7-9E87-EC95D17AA444}.Debug|Any CPU.Build.0 = Debug|Any CPU
		{8DBE3687-8EAE-4CC7-9E87-EC95D17AA444}.Release|Any CPU.ActiveCfg = Release|Any CPU
		{8DBE3687-8EAE-4CC7-9E87-EC95D17AA444}.Release|Any CPU.Build.0 = Release|Any CPU
		{833F1205-EBCE-4786-A75D-445622F9DE3F}.Debug|Any CPU.ActiveCfg = Debug|Any CPU
		{833F1205-EBCE-4786-A75D-445622F9DE3F}.Debug|Any CPU.Build.0 = Debug|Any CPU
		{833F1205-EBCE-4786-A75D-445622F9DE3F}.Release|Any CPU.ActiveCfg = Release|Any CPU
		{833F1205-EBCE-4786-A75D-445622F9DE3F}.Release|Any CPU.Build.0 = Release|Any CPU
		{A03B5FA2-AEDD-4F2B-9184-6A72B4F8B128}.Debug|Any CPU.ActiveCfg = Debug|Any CPU
		{A03B5FA2-AEDD-4F2B-9184-6A72B4F8B128}.Debug|Any CPU.Build.0 = Debug|Any CPU
		{A03B5FA2-AEDD-4F2B-9184-6A72B4F8B128}.Release|Any CPU.ActiveCfg = Release|Any CPU
		{A03B5FA2-AEDD-4F2B-9184-6A72B4F8B128}.Release|Any CPU.Build.0 = Release|Any CPU
		{C551ABA5-4EF4-4467-9EF2-FC6FCA5A0E00}.Debug|Any CPU.ActiveCfg = Debug|Any CPU
		{C551ABA5-4EF4-4467-9EF2-FC6FCA5A0E00}.Debug|Any CPU.Build.0 = Debug|Any CPU
		{C551ABA5-4EF4-4467-9EF2-FC6FCA5A0E00}.Release|Any CPU.ActiveCfg = Release|Any CPU
		{C551ABA5-4EF4-4467-9EF2-FC6FCA5A0E00}.Release|Any CPU.Build.0 = Release|Any CPU
		{BB915A97-768E-4FB5-80EB-84EB287B2F78}.Debug|Any CPU.ActiveCfg = Debug|Any CPU
		{BB915A97-768E-4FB5-80EB-84EB287B2F78}.Debug|Any CPU.Build.0 = Debug|Any CPU
		{BB915A97-768E-4FB5-80EB-84EB287B2F78}.Release|Any CPU.ActiveCfg = Release|Any CPU
		{BB915A97-768E-4FB5-80EB-84EB287B2F78}.Release|Any CPU.Build.0 = Release|Any CPU
		{3A7137D5-F95C-40CD-A065-D4DDD0D665E6}.Debug|Any CPU.ActiveCfg = Debug|Any CPU
		{3A7137D5-F95C-40CD-A065-D4DDD0D665E6}.Debug|Any CPU.Build.0 = Debug|Any CPU
		{3A7137D5-F95C-40CD-A065-D4DDD0D665E6}.Release|Any CPU.ActiveCfg = Release|Any CPU
		{3A7137D5-F95C-40CD-A065-D4DDD0D665E6}.Release|Any CPU.Build.0 = Release|Any CPU
		{2A48AF04-617C-4E6A-9F67-5C3E85C6A277}.Debug|Any CPU.ActiveCfg = Debug|Any CPU
		{2A48AF04-617C-4E6A-9F67-5C3E85C6A277}.Debug|Any CPU.Build.0 = Debug|Any CPU
		{2A48AF04-617C-4E6A-9F67-5C3E85C6A277}.Release|Any CPU.ActiveCfg = Release|Any CPU
		{2A48AF04-617C-4E6A-9F67-5C3E85C6A277}.Release|Any CPU.Build.0 = Release|Any CPU
		{8FFC2B5F-1C2F-47A0-963B-6096C2C8037F}.Debug|Any CPU.ActiveCfg = Debug|Any CPU
		{8FFC2B5F-1C2F-47A0-963B-6096C2C8037F}.Debug|Any CPU.Build.0 = Debug|Any CPU
		{8FFC2B5F-1C2F-47A0-963B-6096C2C8037F}.Release|Any CPU.ActiveCfg = Release|Any CPU
		{8FFC2B5F-1C2F-47A0-963B-6096C2C8037F}.Release|Any CPU.Build.0 = Release|Any CPU
	EndGlobalSection
	GlobalSection(SolutionProperties) = preSolution
		HideSolutionNode = FALSE
	EndGlobalSection
	GlobalSection(NestedProjects) = preSolution
		{5366C10A-2C2C-4242-8669-BA96B9BAE878} = {A05126EF-9419-4E9C-BAC3-F3196F4108BB}
		{3FD719C4-04F1-4710-862E-F7EB9D6B0BF3} = {4879AD28-6DFB-4749-BB7C-D7BC6784BB30}
		{A05126EF-9419-4E9C-BAC3-F3196F4108BB} = {3FD719C4-04F1-4710-862E-F7EB9D6B0BF3}
		{3BD6A0A3-3D5B-4259-8099-42192E2AE231} = {A05126EF-9419-4E9C-BAC3-F3196F4108BB}
		{2172A6BA-C859-49F0-8330-667E3D437BAF} = {62728BEB-DBD9-42BC-87ED-046EAC2823C9}
		{62728BEB-DBD9-42BC-87ED-046EAC2823C9} = {3FD719C4-04F1-4710-862E-F7EB9D6B0BF3}
		{DD13162B-E3B5-4768-8100-45BB20F8C2D7} = {3FD719C4-04F1-4710-862E-F7EB9D6B0BF3}
		{9FA0C0B8-8720-40CF-9132-9574A1EE2DC1} = {DD13162B-E3B5-4768-8100-45BB20F8C2D7}
		{E637B777-3ACC-4B86-8485-15113792A28B} = {3FD719C4-04F1-4710-862E-F7EB9D6B0BF3}
		{CA0FBDE9-C8AF-4BF5-A69F-EE292569D1C3} = {E637B777-3ACC-4B86-8485-15113792A28B}
		{8DBE3687-8EAE-4CC7-9E87-EC95D17AA444} = {E637B777-3ACC-4B86-8485-15113792A28B}
		{7EA3FF58-3C84-4593-A5AB-43935E313DC2} = {3FD719C4-04F1-4710-862E-F7EB9D6B0BF3}
		{833F1205-EBCE-4786-A75D-445622F9DE3F} = {7EA3FF58-3C84-4593-A5AB-43935E313DC2}
		{A03B5FA2-AEDD-4F2B-9184-6A72B4F8B128} = {7EA3FF58-3C84-4593-A5AB-43935E313DC2}
		{14D0ED4F-66A7-461C-AED5-396232A944EC} = {4879AD28-6DFB-4749-BB7C-D7BC6784BB30}
		{C551ABA5-4EF4-4467-9EF2-FC6FCA5A0E00} = {14D0ED4F-66A7-461C-AED5-396232A944EC}
		{BB915A97-768E-4FB5-80EB-84EB287B2F78} = {14D0ED4F-66A7-461C-AED5-396232A944EC}
		{48C01C0F-A6E3-41DF-9D76-DECD9921271E} = {14D0ED4F-66A7-461C-AED5-396232A944EC}
		{3A7137D5-F95C-40CD-A065-D4DDD0D665E6} = {48C01C0F-A6E3-41DF-9D76-DECD9921271E}
		{2A48AF04-617C-4E6A-9F67-5C3E85C6A277} = {48C01C0F-A6E3-41DF-9D76-DECD9921271E}
		{8FFC2B5F-1C2F-47A0-963B-6096C2C8037F} = {48C01C0F-A6E3-41DF-9D76-DECD9921271E}
	EndGlobalSection
	GlobalSection(ExtensibilityGlobals) = postSolution
		SolutionGuid = {2B82D33F-1710-43F3-B54D-C03B86D1DE8B}
	EndGlobalSection
EndGlobal
