
Microsoft Visual Studio Solution File, Format Version 12.00
# Visual Studio Version 17
VisualStudioVersion = 17.9.34622.214
MinimumVisualStudioVersion = 10.0.40219.1
Project("{2150E333-8FDC-42A3-9474-1A3956D46DE8}") = "Application", "Application", "{3B2865F6-44FF-4F15-B927-8EB0C4FC642A}"
EndProject
Project("{2150E333-8FDC-42A3-9474-1A3956D46DE8}") = "Infrastructure", "Infrastructure", "{324745DD-0F50-46E5-87A4-0B4F68D00176}"
EndProject
Project("{2150E333-8FDC-42A3-9474-1A3956D46DE8}") = "Presentation", "Presentation", "{AFBD18C6-5976-4810-B4BA-99BA913CBBCD}"
EndProject
Project("{2150E333-8FDC-42A3-9474-1A3956D46DE8}") = "Domain", "Domain", "{1EB032B8-755C-4CF1-B406-393DD8D1514C}"
EndProject
Project("{2150E333-8FDC-42A3-9474-1A3956D46DE8}") = "Repositories", "Repositories", "{52212D1F-184A-421C-AC1D-F1D0249016A1}"
EndProject
Project("{2150E333-8FDC-42A3-9474-1A3956D46DE8}") = "Common", "Common", "{8E598043-BF03-4E19-AD55-767C771E1AEA}"
EndProject
Project("{2150E333-8FDC-42A3-9474-1A3956D46DE8}") = "Utilities", "Utilities", "{7FAB170E-EE40-4AB2-841D-9EF0B5FD91F6}"
EndProject
Project("{2150E333-8FDC-42A3-9474-1A3956D46DE8}") = "Exceptions", "Exceptions", "{F9620F86-F18B-403E-8F79-453F3740DB96}"
EndProject
Project("{2150E333-8FDC-42A3-9474-1A3956D46DE8}") = "API", "API", "{F1BB3070-FD1F-4E46-8A4D-A71C9E582FE7}"
EndProject
Project("{9A19103F-16F7-4668-BE54-9A1E7A4F7556}") = "StockMarketSimulator.API", "StockMarketSimulator.API\StockMarketSimulator.API.csproj", "{A1BFE6C8-0A42-45F6-8403-9988633A6C93}"
EndProject
Project("{9A19103F-16F7-4668-BE54-9A1E7A4F7556}") = "StockMarketSimulator.ConsoleApp", "StockMarketSimulator.ConsoleApp\StockMarketSimulator.ConsoleApp.csproj", "{EE50F88B-101F-43B1-BC64-B56CAF18F1BE}"
EndProject
Project("{9A19103F-16F7-4668-BE54-9A1E7A4F7556}") = "StockMarketSimulator.Domain", "StockMarketSimulator.Domain\StockMarketSimulator.Domain.csproj", "{8072379F-6F23-4D29-BED6-2DC9675EF956}"
EndProject
Project("{9A19103F-16F7-4668-BE54-9A1E7A4F7556}") = "StockMarketSimulator.Application", "StockMarketSimulator.Application\StockMarketSimulator.Application.csproj", "{EB8902E7-7B31-440E-85DF-E896E855C1BF}"
EndProject
Project("{9A19103F-16F7-4668-BE54-9A1E7A4F7556}") = "StockMarketSimulator.Repository", "StockMarketSimulator.Repository\StockMarketSimulator.Repository.csproj", "{9061CD19-651E-48E8-AEC5-CD47310D673E}"
EndProject
Project("{2150E333-8FDC-42A3-9474-1A3956D46DE8}") = "IoC", "IoC", "{4E903F81-E706-411C-850C-6C5075036008}"
EndProject
Project("{FAE04EC0-301F-11D3-BF4B-00C04F79EFBC}") = "StockMarketSimulator.IoC", "StockMarketSimulator.IoC\StockMarketSimulator.IoC.csproj", "{8A0CBC26-E931-40FB-8CF2-FCF33BA4EC91}"
EndProject
Project("{FAE04EC0-301F-11D3-BF4B-00C04F79EFBC}") = "StockMarketSimulator.Sinks", "StockMarketSimulator.Sinks\StockMarketSimulator.Sinks.csproj", "{446388B2-A558-4A92-AB78-D962B22D4FD3}"
EndProject
Global
	GlobalSection(SolutionConfigurationPlatforms) = preSolution
		Debug|Any CPU = Debug|Any CPU
		Release|Any CPU = Release|Any CPU
	EndGlobalSection
	GlobalSection(ProjectConfigurationPlatforms) = postSolution
		{A1BFE6C8-0A42-45F6-8403-9988633A6C93}.Debug|Any CPU.ActiveCfg = Debug|Any CPU
		{A1BFE6C8-0A42-45F6-8403-9988633A6C93}.Debug|Any CPU.Build.0 = Debug|Any CPU
		{A1BFE6C8-0A42-45F6-8403-9988633A6C93}.Release|Any CPU.ActiveCfg = Release|Any CPU
		{A1BFE6C8-0A42-45F6-8403-9988633A6C93}.Release|Any CPU.Build.0 = Release|Any CPU
		{EE50F88B-101F-43B1-BC64-B56CAF18F1BE}.Debug|Any CPU.ActiveCfg = Debug|Any CPU
		{EE50F88B-101F-43B1-BC64-B56CAF18F1BE}.Debug|Any CPU.Build.0 = Debug|Any CPU
		{EE50F88B-101F-43B1-BC64-B56CAF18F1BE}.Release|Any CPU.ActiveCfg = Release|Any CPU
		{EE50F88B-101F-43B1-BC64-B56CAF18F1BE}.Release|Any CPU.Build.0 = Release|Any CPU
		{8072379F-6F23-4D29-BED6-2DC9675EF956}.Debug|Any CPU.ActiveCfg = Debug|Any CPU
		{8072379F-6F23-4D29-BED6-2DC9675EF956}.Debug|Any CPU.Build.0 = Debug|Any CPU
		{8072379F-6F23-4D29-BED6-2DC9675EF956}.Release|Any CPU.ActiveCfg = Release|Any CPU
		{8072379F-6F23-4D29-BED6-2DC9675EF956}.Release|Any CPU.Build.0 = Release|Any CPU
		{EB8902E7-7B31-440E-85DF-E896E855C1BF}.Debug|Any CPU.ActiveCfg = Debug|Any CPU
		{EB8902E7-7B31-440E-85DF-E896E855C1BF}.Debug|Any CPU.Build.0 = Debug|Any CPU
		{EB8902E7-7B31-440E-85DF-E896E855C1BF}.Release|Any CPU.ActiveCfg = Release|Any CPU
		{EB8902E7-7B31-440E-85DF-E896E855C1BF}.Release|Any CPU.Build.0 = Release|Any CPU
		{9061CD19-651E-48E8-AEC5-CD47310D673E}.Debug|Any CPU.ActiveCfg = Debug|Any CPU
		{9061CD19-651E-48E8-AEC5-CD47310D673E}.Debug|Any CPU.Build.0 = Debug|Any CPU
		{9061CD19-651E-48E8-AEC5-CD47310D673E}.Release|Any CPU.ActiveCfg = Release|Any CPU
		{9061CD19-651E-48E8-AEC5-CD47310D673E}.Release|Any CPU.Build.0 = Release|Any CPU
		{8A0CBC26-E931-40FB-8CF2-FCF33BA4EC91}.Debug|Any CPU.ActiveCfg = Debug|Any CPU
		{8A0CBC26-E931-40FB-8CF2-FCF33BA4EC91}.Debug|Any CPU.Build.0 = Debug|Any CPU
		{8A0CBC26-E931-40FB-8CF2-FCF33BA4EC91}.Release|Any CPU.ActiveCfg = Release|Any CPU
		{8A0CBC26-E931-40FB-8CF2-FCF33BA4EC91}.Release|Any CPU.Build.0 = Release|Any CPU
		{446388B2-A558-4A92-AB78-D962B22D4FD3}.Debug|Any CPU.ActiveCfg = Debug|Any CPU
		{446388B2-A558-4A92-AB78-D962B22D4FD3}.Debug|Any CPU.Build.0 = Debug|Any CPU
		{446388B2-A558-4A92-AB78-D962B22D4FD3}.Release|Any CPU.ActiveCfg = Release|Any CPU
		{446388B2-A558-4A92-AB78-D962B22D4FD3}.Release|Any CPU.Build.0 = Release|Any CPU
	EndGlobalSection
	GlobalSection(SolutionProperties) = preSolution
		HideSolutionNode = FALSE
	EndGlobalSection
	GlobalSection(NestedProjects) = preSolution
		{52212D1F-184A-421C-AC1D-F1D0249016A1} = {324745DD-0F50-46E5-87A4-0B4F68D00176}
		{7FAB170E-EE40-4AB2-841D-9EF0B5FD91F6} = {8E598043-BF03-4E19-AD55-767C771E1AEA}
		{F9620F86-F18B-403E-8F79-453F3740DB96} = {8E598043-BF03-4E19-AD55-767C771E1AEA}
		{A1BFE6C8-0A42-45F6-8403-9988633A6C93} = {F1BB3070-FD1F-4E46-8A4D-A71C9E582FE7}
		{EE50F88B-101F-43B1-BC64-B56CAF18F1BE} = {AFBD18C6-5976-4810-B4BA-99BA913CBBCD}
		{8072379F-6F23-4D29-BED6-2DC9675EF956} = {1EB032B8-755C-4CF1-B406-393DD8D1514C}
		{EB8902E7-7B31-440E-85DF-E896E855C1BF} = {3B2865F6-44FF-4F15-B927-8EB0C4FC642A}
		{9061CD19-651E-48E8-AEC5-CD47310D673E} = {52212D1F-184A-421C-AC1D-F1D0249016A1}
		{4E903F81-E706-411C-850C-6C5075036008} = {324745DD-0F50-46E5-87A4-0B4F68D00176}
		{8A0CBC26-E931-40FB-8CF2-FCF33BA4EC91} = {4E903F81-E706-411C-850C-6C5075036008}
		{446388B2-A558-4A92-AB78-D962B22D4FD3} = {DD036B08-200B-444A-9E4A-5E3E25ACEECB}
	EndGlobalSection
	GlobalSection(ExtensibilityGlobals) = postSolution
		SolutionGuid = {2B82D33F-1710-43F3-B54D-C03B86D1DE8B}
	EndGlobalSection
EndGlobal
